<?xml version="1.0" encoding="utf-8"?>
<Project ToolsVersion="12.0" xmlns="http://schemas.microsoft.com/developer/msbuild/2003">
  <ItemGroup>
    <Filter Include="Resource Files">
      <UniqueIdentifier>{67DA6AB6-F800-4c08-8B7A-83BB121AAD01}</UniqueIdentifier>
      <Extensions>rc;ico;cur;bmp;dlg;rc2;rct;bin;rgs;gif;jpg;jpeg;jpe;resx;tga;tiff;tif;png;wav;mfcribbon-ms</Extensions>
    </Filter>
    <Filter Include="Sources">
      <UniqueIdentifier>{02f634c8-4dc3-402a-a506-70a1e8365a34}</UniqueIdentifier>
    </Filter>
  </ItemGroup>
  <ItemGroup>
    <ClCompile Include="pch.cpp" />
    <ClCompile Include="..\..\..\..\..\source\SoundTouch\FIFOSampleBuffer.cpp">
      <Filter>Sources</Filter>
    </ClCompile>
    <ClCompile Include="..\..\..\..\..\source\SoundTouch\FIRFilter.cpp">
      <Filter>Sources</Filter>
    </ClCompile>
    <ClCompile Include="..\..\..\..\..\source\SoundTouch\InterpolateCubic.cpp">
      <Filter>Sources</Filter>
    </ClCompile>
    <ClCompile Include="..\..\..\..\..\source\SoundTouch\InterpolateLinear.cpp">
      <Filter>Sources</Filter>
    </ClCompile>
    <ClCompile Include="..\..\..\..\..\source\SoundTouch\InterpolateShannon.cpp">
      <Filter>Sources</Filter>
    </ClCompile>
    <ClCompile Include="..\..\..\..\..\source\SoundTouch\mmx_optimized.cpp">
      <Filter>Sources</Filter>
    </ClCompile>
    <ClCompile Include="..\..\..\..\..\source\SoundTouch\PeakFinder.cpp">
      <Filter>Sources</Filter>
    </ClCompile>
    <ClCompile Include="..\..\..\..\..\source\SoundTouch\RateTransposer.cpp">
      <Filter>Sources</Filter>
    </ClCompile>
    <ClCompile Include="..\..\..\..\..\source\SoundTouch\SoundTouch.cpp">
      <Filter>Sources</Filter>
    </ClCompile>
    <ClCompile Include="..\..\..\..\..\source\SoundTouch\sse_optimized.cpp">
      <Filter>Sources</Filter>
    </ClCompile>
    <ClCompile Include="..\..\..\..\..\source\SoundTouch\TDStretch.cpp">
      <Filter>Sources</Filter>
    </ClCompile>
    <ClCompile Include="..\..\..\..\..\source\SoundTouch\AAFilter.cpp">
      <Filter>Sources</Filter>
    </ClCompile>
    <ClCompile Include="..\..\..\..\..\source\SoundTouch\BPMDetect.cpp">
      <Filter>Sources</Filter>
    </ClCompile>
    <ClCompile Include="..\..\..\..\..\source\SoundTouch\cpu_detect_x86.cpp">
      <Filter>Sources</Filter>
    </ClCompile>
  </ItemGroup>
  <ItemGroup>
    <ClInclude Include="pch.h" />
    <ClInclude Include="targetver.h" />
    <ClInclude Include="..\..\..\..\..\source\SoundTouch\AAFilter.h">
      <Filter>Sources</Filter>
    </ClInclude>
    <ClInclude Include="..\..\..\..\..\source\SoundTouch\cpu_detect.h">
      <Filter>Sources</Filter>
    </ClInclude>
    <ClInclude Include="..\..\..\..\..\source\SoundTouch\FIRFilter.h">
      <Filter>Sources</Filter>
    </ClInclude>
    <ClInclude Include="..\..\..\..\..\source\SoundTouch\InterpolateCubic.h">
      <Filter>Sources</Filter>
    </ClInclude>
    <ClInclude Include="..\..\..\..\..\source\SoundTouch\InterpolateLinear.h">
      <Filter>Sources</Filter>
    </ClInclude>
    <ClInclude Include="..\..\..\..\..\source\SoundTouch\InterpolateShannon.h">
      <Filter>Sources</Filter>
    </ClInclude>
    <ClInclude Include="..\..\..\..\..\source\SoundTouch\PeakFinder.h">
      <Filter>Sources</Filter>
    </ClInclude>
    <ClInclude Include="..\..\..\..\..\source\SoundTouch\RateTransposer.h">
      <Filter>Sources</Filter>
    </ClInclude>
    <ClInclude Include="..\..\..\..\..\source\SoundTouch\TDStretch.h">
      <Filter>Sources</Filter>
    </ClInclude>
  </ItemGroup>
</Project>